PODS:
  - SDWebImage (5.0.1):
    - SDWebImage/Core (= 5.0.1)
  - SDWebImage/Core (5.0.1)
  - YYKit (1.0.9):
    - YYKit/no-arc (= 1.0.9)
  - YYKit/no-arc (1.0.9)

DEPENDENCIES:
  - SDWebImage (~> 5.0.0)
  - YYKit

SPEC REPOS:
  https://github.com/cocoapods/specs.git:
    - SDWebImage
    - YYKit

SPEC CHECKSUMS:
  SDWebImage: 27dd2c9ea07a2252f94557c9fbb6105ee94b74c9
  YYKit: 7cda43304a8dc3696c449041e2cb3107b4e236e7

PODFILE CHECKSUM: 1942e11febab7e7cce3f32302520a1d5464af639

COCOAPODS: 1.6.1
